// !$*UTF8*$!
{
	archiveVersion = 1;
	classes = {
	};
	objectVersion = 50;
	objects = {

/* Begin PBXBuildFile section */
		B5689DE323BFC0FC008BD166 /* AppDelegate.swift in Sources */ = {isa = PBXBuildFile; fileRef = B5689DE223BFC0FC008BD166 /* AppDelegate.swift */; };
		B5689DE523BFC0FC008BD166 /* SceneDelegate.swift in Sources */ = {isa = PBXBuildFile; fileRef = B5689DE423BFC0FC008BD166 /* SceneDelegate.swift */; };
		B5689DE823BFC0FC008BD166 /* PizzaOrders.xcdatamodeld in Sources */ = {isa = PBXBuildFile; fileRef = B5689DE623BFC0FC008BD166 /* PizzaOrders.xcdatamodeld */; };
		B5689DEA23BFC0FC008BD166 /* ContentView.swift in Sources */ = {isa = PBXBuildFile; fileRef = B5689DE923BFC0FC008BD166 /* ContentView.swift */; };
		B5689DEC23BFC0FD008BD166 /* Assets.xcassets in Resources */ = {isa = PBXBuildFile; fileRef = B5689DEB23BFC0FD008BD166 /* Assets.xcassets */; };
		B5689DEF23BFC0FD008BD166 /* Preview Assets.xcassets in Resources */ = {isa = PBXBuildFile; fileRef = B5689DEE23BFC0FD008BD166 /* Preview Assets.xcassets */; };
		B5689DF223BFC0FD008BD166 /* LaunchScreen.storyboard in Resources */ = {isa = PBXBuildFile; fileRef = B5689DF023BFC0FD008BD166 /* LaunchScreen.storyboard */; };
		B5689DFB23BFC1F8008BD166 /* Order+CoreDataClass.swift in Sources */ = {isa = PBXBuildFile; fileRef = B5689DF923BFC1F8008BD166 /* Order+CoreDataClass.swift */; };
		B5689DFC23BFC1F8008BD166 /* Order+CoreDataProperties.swift in Sources */ = {isa = PBXBuildFile; fileRef = B5689DFA23BFC1F8008BD166 /* Order+CoreDataProperties.swift */; };
		B5689DFF23BFC4F9008BD166 /* OrderScreen.swift in Sources */ = {isa = PBXBuildFile; fileRef = B5689DFE23BFC4F9008BD166 /* OrderScreen.swift */; };
/* End PBXBuildFile section */

/* Begin PBXFileReference section */
		B5689DDF23BFC0FC008BD166 /* PizzaOrders.app */ = {isa = PBXFileReference; explicitFileType = wrapper.application; includeInIndex = 0; path = PizzaOrders.app; sourceTree = BUILT_PRODUCTS_DIR; };
		B5689DE223BFC0FC008BD166 /* AppDelegate.swift */ = {isa = PBXFileReference; lastKnownFileType = sourcecode.swift; path = AppDelegate.swift; sourceTree = "<group>"; };
		B5689DE423BFC0FC008BD166 /* SceneDelegate.swift */ = {isa = PBXFileReference; lastKnownFileType = sourcecode.swift; path = SceneDelegate.swift; sourceTree = "<group>"; };
		B5689DE723BFC0FC008BD166 /* PizzaOrders.xcdatamodel */ = {isa = PBXFileReference; lastKnownFileType = wrapper.xcdatamodel; path = PizzaOrders.xcdatamodel; sourceTree = "<group>"; };
		B5689DE923BFC0FC008BD166 /* ContentView.swift */ = {isa = PBXFileReference; lastKnownFileType = sourcecode.swift; path = ContentView.swift; sourceTree = "<group>"; };
		B5689DEB23BFC0FD008BD166 /* Assets.xcassets */ = {isa = PBXFileReference; lastKnownFileType = folder.assetcatalog; path = Assets.xcassets; sourceTree = "<group>"; };
		B5689DEE23BFC0FD008BD166 /* Preview Assets.xcassets */ = {isa = PBXFileReference; lastKnownFileType = folder.assetcatalog; path = "Preview Assets.xcassets"; sourceTree = "<group>"; };
		B5689DF123BFC0FD008BD166 /* Base */ = {isa = PBXFileReference; lastKnownFileType = file.storyboard; name = Base; path = Base.lproj/LaunchScreen.storyboard; sourceTree = "<group>"; };
		B5689DF323BFC0FD008BD166 /* Info.plist */ = {isa = PBXFileReference; lastKnownFileType = text.plist.xml; path = Info.plist; sourceTree = "<group>"; };
		B5689DF923BFC1F8008BD166 /* Order+CoreDataClass.swift */ = {isa = PBXFileReference; lastKnownFileType = sourcecode.swift; path = "Order+CoreDataClass.swift"; sourceTree = "<group>"; };
		B5689DFA23BFC1F8008BD166 /* Order+CoreDataProperties.swift */ = {isa = PBXFileReference; lastKnownFileType = sourcecode.swift; path = "Order+CoreDataProperties.swift"; sourceTree = "<group>"; };
		B5689DFE23BFC4F9008BD166 /* OrderScreen.swift */ = {isa = PBXFileReference; lastKnownFileType = sourcecode.swift; path = OrderScreen.swift; sourceTree = "<group>"; };
/* End PBXFileReference section */

/* Begin PBXFrameworksBuildPhase section */
		B5689DDC23BFC0FC008BD166 /* Frameworks */ = {
			isa = PBXFrameworksBuildPhase;
			buildActionMask = 2147483647;
			files = (
			);
			runOnlyForDeploymentPostprocessing = 0;
		};
/* End PBXFrameworksBuildPhase section */

/* Begin PBXGroup section */
		B5689DD623BFC0FC008BD166 = {
			isa = PBXGroup;
			children = (
				B5689DF923BFC1F8008BD166 /* Order+CoreDataClass.swift */,
				B5689DFA23BFC1F8008BD166 /* Order+CoreDataProperties.swift */,
				B5689DE123BFC0FC008BD166 /* PizzaOrders */,
				B5689DE023BFC0FC008BD166 /* Products */,
			);
			sourceTree = "<group>";
		};
		B5689DE023BFC0FC008BD166 /* Products */ = {
			isa = PBXGroup;
			children = (
				B5689DDF23BFC0FC008BD166 /* PizzaOrders.app */,
			);
			name = Products;
			sourceTree = "<group>";
		};
		B5689DE123BFC0FC008BD166 /* PizzaOrders */ = {
			isa = PBXGroup;
			children = (
				B5689DFD23BFC4EB008BD166 /* Screens */,
				B5689DE223BFC0FC008BD166 /* AppDelegate.swift */,
				B5689DE423BFC0FC008BD166 /* SceneDelegate.swift */,
				B5689DE923BFC0FC008BD166 /* ContentView.swift */,
				B5689DEB23BFC0FD008BD166 /* Assets.xcassets */,
				B5689DF023BFC0FD008BD166 /* LaunchScreen.storyboard */,
				B5689DF323BFC0FD008BD166 /* Info.plist */,
				B5689DE623BFC0FC008BD166 /* PizzaOrders.xcdatamodeld */,
				B5689DED23BFC0FD008BD166 /* Preview Content */,
			);
			path = PizzaOrders;
			sourceTree = "<group>";
		};
		B5689DED23BFC0FD008BD166 /* Preview Content */ = {
			isa = PBXGroup;
			children = (
				B5689DEE23BFC0FD008BD166 /* Preview Assets.xcassets */,
			);
			path = "Preview Content";
			sourceTree = "<group>";
		};
		B5689DFD23BFC4EB008BD166 /* Screens */ = {
			isa = PBXGroup;
			children = (
				B5689DFE23BFC4F9008BD166 /* OrderScreen.swift */,
			);
			path = Screens;
			sourceTree = "<group>";
		};
/* End PBXGroup section */

/* Begin PBXNativeTarget section */
		B5689DDE23BFC0FC008BD166 /* PizzaOrders */ = {
			isa = PBXNativeTarget;
			buildConfigurationList = B5689DF623BFC0FD008BD166 /* Build configuration list for PBXNativeTarget "PizzaOrders" */;
			buildPhases = (
				B5689DDB23BFC0FC008BD166 /* Sources */,
				B5689DDC23BFC0FC008BD166 /* Frameworks */,
				B5689DDD23BFC0FC008BD166 /* Resources */,
			);
			buildRules = (
			);
			dependencies = (
			);
			name = PizzaOrders;
			productName = PizzaOrders;
			productReference = B5689DDF23BFC0FC008BD166 /* PizzaOrders.app */;
			productType = "com.apple.product-type.application";
		};
/* End PBXNativeTarget section */

/* Begin PBXProject section */
		B5689DD723BFC0FC008BD166 /* Project object */ = {
			isa = PBXProject;
			attributes = {
				LastSwiftUpdateCheck = 1130;
				LastUpgradeCheck = 1130;
				ORGANIZATIONNAME = "Jay Phillips";
				TargetAttributes = {
					B5689DDE23BFC0FC008BD166 = {
						CreatedOnToolsVersion = 11.3;
					};
				};
			};
			buildConfigurationList = B5689DDA23BFC0FC008BD166 /* Build configuration list for PBXProject "PizzaOrders" */;
			compatibilityVersion = "Xcode 9.3";
			developmentRegion = en;
			hasScannedForEncodings = 0;
			knownRegions = (
				en,
				Base,
			);
			mainGroup = B5689DD623BFC0FC008BD166;
			productRefGroup = B5689DE023BFC0FC008BD166 /* Products */;
			projectDirPath = "";
			projectRoot = "";
			targets = (
				B5689DDE23BFC0FC008BD166 /* PizzaOrders */,
			);
		};
/* End PBXProject section */

/* Begin PBXResourcesBuildPhase section */
		B5689DDD23BFC0FC008BD166 /* Resources */ = {
			isa = PBXResourcesBuildPhase;
			buildActionMask = 2147483647;
			files = (
				B5689DF223BFC0FD008BD166 /* LaunchScreen.storyboard in Resources */,
				B5689DEF23BFC0FD008BD166 /* Preview Assets.xcassets in Resources */,
				B5689DEC23BFC0FD008BD166 /* Assets.xcassets in Resources */,
			);
			runOnlyForDeploymentPostprocessing = 0;
		};
/* End PBXResourcesBuildPhase section */

/* Begin PBXSourcesBuildPhase section */
		B5689DDB23BFC0FC008BD166 /* Sources */ = {
			isa = PBXSourcesBuildPhase;
			buildActionMask = 2147483647;
			files = (
				B5689DFF23BFC4F9008BD166 /* OrderScreen.swift in Sources */,
				B5689DFC23BFC1F8008BD166 /* Order+CoreDataProperties.swift in Sources */,
				B5689DE823BFC0FC008BD166 /* PizzaOrders.xcdatamodeld in Sources */,
				B5689DE323BFC0FC008BD166 /* AppDelegate.swift in Sources */,
				B5689DEA23BFC0FC008BD166 /* ContentView.swift in Sources */,
				B5689DFB23BFC1F8008BD166 /* Order+CoreDataClass.swift in Sources */,
				B5689DE523BFC0FC008BD166 /* SceneDelegate.swift in Sources */,
			);
			runOnlyForDeploymentPostprocessing = 0;
		};
/* End PBXSourcesBuildPhase section */

/* Begin PBXVariantGroup section */
		B5689DF023BFC0FD008BD166 /* LaunchScreen.storyboard */ = {
			isa = PBXVariantGroup;
			children = (
				B5689DF123BFC0FD008BD166 /* Base */,
			);
			name = LaunchScreen.storyboard;
			sourceTree = "<group>";
		};
/* End PBXVariantGroup section */

/* Begin XCBuildConfiguration section */
		B5689DF423BFC0FD008BD166 /* Debug */ = {
			isa = XCBuildConfiguration;
			buildSettings = {
				ALWAYS_SEARCH_USER_PATHS = NO;
				CLANG_ANALYZER_NONNULL = YES;
				CLANG_ANALYZER_NUMBER_OBJECT_CONVERSION = YES_AGGRESSIVE;
				CLANG_CXX_LANGUAGE_STANDARD = "gnu++14";
				CLANG_CXX_LIBRARY = "libc++";
				CLANG_ENABLE_MODULES = YES;
				CLANG_ENABLE_OBJC_ARC = YES;
				CLANG_ENABLE_OBJC_WEAK = YES;
				CLANG_WARN_BLOCK_CAPTURE_AUTORELEASING = YES;
				CLANG_WARN_BOOL_CONVERSION = YES;
				CLANG_WARN_COMMA = YES;
				CLANG_WARN_CONSTANT_CONVERSION = YES;
				CLANG_WARN_DEPRECATED_OBJC_IMPLEMENTATIONS = YES;
				CLANG_WARN_DIRECT_OBJC_ISA_USAGE = YES_ERROR;
				CLANG_WARN_DOCUMENTATION_COMMENTS = YES;
				CLANG_WARN_EMPTY_BODY = YES;
				CLANG_WARN_ENUM_CONVERSION = YES;
				CLANG_WARN_INFINITE_RECURSION = YES;
				CLANG_WARN_INT_CONVERSION = YES;
				CLANG_WARN_NON_LITERAL_NULL_CONVERSION = YES;
				CLANG_WARN_OBJC_IMPLICIT_RETAIN_SELF = YES;
				CLANG_WARN_OBJC_LITERAL_CONVERSION = YES;
				CLANG_WARN_OBJC_ROOT_CLASS = YES_ERROR;
				CLANG_WARN_RANGE_LOOP_ANALYSIS = YES;
				CLANG_WARN_STRICT_PROTOTYPES = YES;
				CLANG_WARN_SUSPICIOUS_MOVE = YES;
				CLANG_WARN_UNGUARDED_AVAILABILITY = YES_AGGRESSIVE;
				CLANG_WARN_UNREACHABLE_CODE = YES;
				CLANG_WARN__DUPLICATE_METHOD_MATCH = YES;
				COPY_PHASE_STRIP = NO;
				DEBUG_INFORMATION_FORMAT = dwarf;
				ENABLE_STRICT_OBJC_MSGSEND = YES;
				ENABLE_TESTABILITY = YES;
				GCC_C_LANGUAGE_STANDARD = gnu11;
				GCC_DYNAMIC_NO_PIC = NO;
				GCC_NO_COMMON_BLOCKS = YES;
				GCC_OPTIMIZATION_LEVEL = 0;
				GCC_PREPROCESSOR_DEFINITIONS = (
					"DEBUG=1",
					"$(inherited)",
				);
				GCC_WARN_64_TO_32_BIT_CONVERSION = YES;
				GCC_WARN_ABOUT_RETURN_TYPE = YES_ERROR;
				GCC_WARN_UNDECLARED_SELECTOR = YES;
				GCC_WARN_UNINITIALIZED_AUTOS = YES_AGGRESSIVE;
				GCC_WARN_UNUSED_FUNCTION = YES;
				GCC_WARN_UNUSED_VARIABLE = YES;
				IPHONEOS_DEPLOYMENT_TARGET = 13.2;
				MTL_ENABLE_DEBUG_INFO = INCLUDE_SOURCE;
				MTL_FAST_MATH = YES;
				ONLY_ACTIVE_ARCH = YES;
				SDKROOT = iphoneos;
				SWIFT_ACTIVE_COMPILATION_CONDITIONS = DEBUG;
				SWIFT_OPTIMIZATION_LEVEL = "-Onone";
			};
			name = Debug;
		};
		B5689DF523BFC0FD008BD166 /* Release */ = {
			isa = XCBuildConfiguration;
			buildSettings = {
				ALWAYS_SEARCH_USER_PATHS = NO;
				CLANG_ANALYZER_NONNULL = YES;
				CLANG_ANALYZER_NUMBER_OBJECT_CONVERSION = YES_AGGRESSIVE;
				CLANG_CXX_LANGUAGE_STANDARD = "gnu++14";
				CLANG_CXX_LIBRARY = "libc++";
				CLANG_ENABLE_MODULES = YES;
				CLANG_ENABLE_OBJC_ARC = YES;
				CLANG_ENABLE_OBJC_WEAK = YES;
				CLANG_WARN_BLOCK_CAPTURE_AUTORELEASING = YES;
				CLANG_WARN_BOOL_CONVERSION = YES;
				CLANG_WARN_COMMA = YES;
				CLANG_WARN_CONSTANT_CONVERSION = YES;
				CLANG_WARN_DEPRECATED_OBJC_IMPLEMENTATIONS = YES;
				CLANG_WARN_DIRECT_OBJC_ISA_USAGE = YES_ERROR;
				CLANG_WARN_DOCUMENTATION_COMMENTS = YES;
				CLANG_WARN_EMPTY_BODY = YES;
				CLANG_WARN_ENUM_CONVERSION = YES;
				CLANG_WARN_INFINITE_RECURSION = YES;
				CLANG_WARN_INT_CONVERSION = YES;
				CLANG_WARN_NON_LITERAL_NULL_CONVERSION = YES;
				CLANG_WARN_OBJC_IMPLICIT_RETAIN_SELF = YES;
				CLANG_WARN_OBJC_LITERAL_CONVERSION = YES;
				CLANG_WARN_OBJC_ROOT_CLASS = YES_ERROR;
				CLANG_WARN_RANGE_LOOP_ANALYSIS = YES;
				CLANG_WARN_STRICT_PROTOTYPES = YES;
				CLANG_WARN_SUSPICIOUS_MOVE = YES;
				CLANG_WARN_UNGUARDED_AVAILABILITY = YES_AGGRESSIVE;
				CLANG_WARN_UNREACHABLE_CODE = YES;
				CLANG_WARN__DUPLICATE_METHOD_MATCH = YES;
				COPY_PHASE_STRIP = NO;
				DEBUG_INFORMATION_FORMAT = "dwarf-with-dsym";
				ENABLE_NS_ASSERTIONS = NO;
				ENABLE_STRICT_OBJC_MSGSEND = YES;
				GCC_C_LANGUAGE_STANDARD = gnu11;
				GCC_NO_COMMON_BLOCKS = YES;
				GCC_WARN_64_TO_32_BIT_CONVERSION = YES;
				GCC_WARN_ABOUT_RETURN_TYPE = YES_ERROR;
				GCC_WARN_UNDECLARED_SELECTOR = YES;
				GCC_WARN_UNINITIALIZED_AUTOS = YES_AGGRESSIVE;
				GCC_WARN_UNUSED_FUNCTION = YES;
				GCC_WARN_UNUSED_VARIABLE = YES;
				IPHONEOS_DEPLOYMENT_TARGET = 13.2;
				MTL_ENABLE_DEBUG_INFO = NO;
				MTL_FAST_MATH = YES;
				SDKROOT = iphoneos;
				SWIFT_COMPILATION_MODE = wholemodule;
				SWIFT_OPTIMIZATION_LEVEL = "-O";
				VALIDATE_PRODUCT = YES;
			};
			name = Release;
		};
		B5689DF723BFC0FD008BD166 /* Debug */ = {
			isa = XCBuildConfiguration;
			buildSettings = {
				ASSETCATALOG_COMPILER_APPICON_NAME = AppIcon;
				CODE_SIGN_STYLE = Automatic;
				DEVELOPMENT_ASSET_PATHS = "\"PizzaOrders/Preview Content\"";
				DEVELOPMENT_TEAM = 35D5MY3UD7;
				ENABLE_PREVIEWS = YES;
				INFOPLIST_FILE = PizzaOrders/Info.plist;
				LD_RUNPATH_SEARCH_PATHS = (
					"$(inherited)",
					"@executable_path/Frameworks",
				);
				PRODUCT_BUNDLE_IDENTIFIER = net.devnasium.PizzaOrders;
				PRODUCT_NAME = "$(TARGET_NAME)";
				SWIFT_VERSION = 5.0;
				TARGETED_DEVICE_FAMILY = "1,2";
			};
			name = Debug;
		};
		B5689DF823BFC0FD008BD166 /* Release */ = {
			isa = XCBuildConfiguration;
			buildSettings = {
				ASSETCATALOG_COMPILER_APPICON_NAME = AppIcon;
				CODE_SIGN_STYLE = Automatic;
				DEVELOPMENT_ASSET_PATHS = "\"PizzaOrders/Preview Content\"";
				DEVELOPMENT_TEAM = 35D5MY3UD7;
				ENABLE_PREVIEWS = YES;
				INFOPLIST_FILE = PizzaOrders/Info.plist;
				LD_RUNPATH_SEARCH_PATHS = (
					"$(inherited)",
					"@executable_path/Frameworks",
				);
				PRODUCT_BUNDLE_IDENTIFIER = net.devnasium.PizzaOrders;
				PRODUCT_NAME = "$(TARGET_NAME)";
				SWIFT_VERSION = 5.0;
				TARGETED_DEVICE_FAMILY = "1,2";
			};
			name = Release;
		};
/* End XCBuildConfiguration section */

/* Begin XCConfigurationList section */
		B5689DDA23BFC0FC008BD166 /* Build configuration list for PBXProject "PizzaOrders" */ = {
			isa = XCConfigurationList;
			buildConfigurations = (
				B5689DF423BFC0FD008BD166 /* Debug */,
				B5689DF523BFC0FD008BD166 /* Release */,
			);
			defaultConfigurationIsVisible = 0;
			defaultConfigurationName = Release;
		};
		B5689DF623BFC0FD008BD166 /* Build configuration list for PBXNativeTarget "PizzaOrders" */ = {
			isa = XCConfigurationList;
			buildConfigurations = (
				B5689DF723BFC0FD008BD166 /* Debug */,
				B5689DF823BFC0FD008BD166 /* Release */,
			);
			defaultConfigurationIsVisible = 0;
			defaultConfigurationName = Release;
		};
/* End XCConfigurationList section */

/* Begin XCVersionGroup section */
		B5689DE623BFC0FC008BD166 /* PizzaOrders.xcdatamodeld */ = {
			isa = XCVersionGroup;
			children = (
				B5689DE723BFC0FC008BD166 /* PizzaOrders.xcdatamodel */,
			);
			currentVersion = B5689DE723BFC0FC008BD166 /* PizzaOrders.xcdatamodel */;
			path = PizzaOrders.xcdatamodeld;
			sourceTree = "<group>";
			versionGroupType = wrapper.xcdatamodel;
		};
/* End XCVersionGroup section */
	};
	rootObject = B5689DD723BFC0FC008BD166 /* Project object */;
}
